
Microsoft Visual Studio Solution File, Format Version 12.00
# Visual Studio Version 16
VisualStudioVersion = 16.0.30320.27
MinimumVisualStudioVersion = 10.0.40219.1
Project("{FAE04EC0-301F-11D3-BF4B-00C04F79EFBC}") = "week4Angelar", "week4Angelar\week4Angelar.csproj", "{5EDFD96C-03E4-40EC-BDC1-725319562B6A}"
EndProject
Global
	GlobalSection(SolutionConfigurationPlatforms) = preSolution
		Debug|Any CPU = Debug|Any CPU
		Release|Any CPU = Release|Any CPU
	EndGlobalSection
	GlobalSection(ProjectConfigurationPlatforms) = postSolution
		{5EDFD96C-03E4-40EC-BDC1-725319562B6A}.Debug|Any CPU.ActiveCfg = Debug|Any CPU
		{5EDFD96C-03E4-40EC-BDC1-725319562B6A}.Debug|Any CPU.Build.0 = Debug|Any CPU
		{5EDFD96C-03E4-40EC-BDC1-725319562B6A}.Release|Any CPU.ActiveCfg = Release|Any CPU
		{5EDFD96C-03E4-40EC-BDC1-725319562B6A}.Release|Any CPU.Build.0 = Release|Any CPU
	EndGlobalSection
	GlobalSection(SolutionProperties) = preSolution
		HideSolutionNode = FALSE
	EndGlobalSection
	GlobalSection(ExtensibilityGlobals) = postSolution
		SolutionGuid = {0005C5F3-267B-4343-9685-F9B8C5739714}
	EndGlobalSection
EndGlobal
